version = 1
revision = 3
requires-python = ">=3.13"

[[package]]
name = "certifi"
version = "2026.1.4"
source = { registry = "https://pypi.org/simple" }
sdist = { url = "https://files.pythonhosted.org/packages/e0/2d/a891ca51311197f6ad14a7ef42e2399f36cf2f9bd44752b3dc4eab60fdc5/certifi-2026.1.4.tar.gz", hash = "sha256:ac726dd470482006e014ad384921ed6438c457018f4b3d204aea4281258b2120", size = 154268, upload-time = "2026-01-04T02:42:41.825Z" }
wheels = [
    { url = "https://files.pythonhosted.org/packages/e6/ad/3cc14f097111b4de0040c83a525973216457bbeeb63739ef1ed275c1c021/certifi-2026.1.4-py3-none-any.whl", hash = "sha256:9943707519e4add1115f44c2bc244f782c0249876bf51b6599fee1ffbedd685c", size = 152900, upload-time = "2026-01-04T02:42:40.15Z" },
]

[[package]]
name = "colorama"
version = "0.4.6"
source = { registry = "https://pypi.org/simple" }
sdist = { url = "https://files.pythonhosted.org/packages/d8/53/6f443c9a4a8358a93a6792e2acffb9d9d5cb0a5cfd8802644b7b1c9a02e4/colorama-0.4.6.tar.gz", hash = "sha256:08695f5cb7ed6e0531a20572697297273c47b8cae5a63ffc6d6ed5c201be6e44", size = 27697, upload-time = "2022-10-25T02:36:22.414Z" }
wheels = [
    { url = "https://files.pythonhosted.org/packages/d1/d6/3965ed04c63042e047cb6a3e6ed1a63a35087b6a609aa3a15ed8ac56c221/colorama-0.4.6-py2.py3-none-any.whl", hash = "sha256:4f1d9991f5acc0ca119f9d443620b77f9d6b33703e51011c16baf57afb285fc6", size = 25335, upload-time = "2022-10-25T02:36:20.889Z" },
]

[[package]]
name = "influxdb-client"
version = "1.49.0"
source = { registry = "https://pypi.org/simple" }
dependencies = [
    { name = "certifi" },
    { name = "python-dateutil" },
    { name = "reactivex" },
    { name = "setuptools" },
    { name = "urllib3" },
]
sdist = { url = "https://files.pythonhosted.org/packages/2a/f3/9c418215cf399529175ed5b198d15a21c2e29f28d90932107634b375c9ee/influxdb_client-1.49.0.tar.gz", hash = "sha256:4a53a218adef6ac9458bfbd31fa08c76194f70310c6b4e01f53d804bd2c48e03", size = 397572, upload-time = "2025-05-22T11:21:41.835Z" }
wheels = [
    { url = "https://files.pythonhosted.org/packages/20/9f/edbcec167e143466f681bbd41abe9dc3d3a5a3587f4ab735a5072ef93725/influxdb_client-1.49.0-py3-none-any.whl", hash = "sha256:b3a688f02cdf18e17ec08ef35bee489fdb90e4e5969bd0a8dd1a8657a66d892b", size = 746306, upload-time = "2025-05-22T11:21:39.888Z" },
]

[[package]]
name = "loguru"
version = "0.7.3"
source = { registry = "https://pypi.org/simple" }
dependencies = [
    { name = "colorama", marker = "sys_platform == 'win32'" },
    { name = "win32-setctime", marker = "sys_platform == 'win32'" },
]
sdist = { url = "https://files.pythonhosted.org/packages/3a/05/a1dae3dffd1116099471c643b8924f5aa6524411dc6c63fdae648c4f1aca/loguru-0.7.3.tar.gz", hash = "sha256:19480589e77d47b8d85b2c827ad95d49bf31b0dcde16593892eb51dd18706eb6", size = 63559, upload-time = "2024-12-06T11:20:56.608Z" }
wheels = [
    { url = "https://files.pythonhosted.org/packages/0c/29/0348de65b8cc732daa3e33e67806420b2ae89bdce2b04af740289c5c6c8c/loguru-0.7.3-py3-none-any.whl", hash = "sha256:31a33c10c8e1e10422bfd431aeb5d351c7cf7fa671e3c4df004162264b28220c", size = 61595, upload-time = "2024-12-06T11:20:54.538Z" },
]

[[package]]
name = "python-dateutil"
version = "2.9.0.post0"
source = { registry = "https://pypi.org/simple" }
dependencies = [
    { name = "six" },
]
sdist = { url = "https://files.pythonhosted.org/packages/66/c0/0c8b6ad9f17a802ee498c46e004a0eb49bc148f2fd230864601a86dcf6db/python-dateutil-2.9.0.post0.tar.gz", hash = "sha256:37dd54208da7e1cd875388217d5e00ebd4179249f90fb72437e91a35459a0ad3", size = 342432, upload-time = "2024-03-01T18:36:20.211Z" }
wheels = [
    { url = "https://files.pythonhosted.org/packages/ec/57/56b9bcc3c9c6a792fcbaf139543cee77261f3651ca9da0c93f5c1221264b/python_dateutil-2.9.0.post0-py2.py3-none-any.whl", hash = "sha256:a8b2bc7bffae282281c8140a97d3aa9c14da0b136dfe83f850eea9a5f7470427", size = 229892, upload-time = "2024-03-01T18:36:18.57Z" },
]

[[package]]
name = "reactivex"
version = "4.1.0"
source = { registry = "https://pypi.org/simple" }
dependencies = [
    { name = "typing-extensions" },
]
sdist = { url = "https://files.pythonhosted.org/packages/b6/af/38a4b62468e4c5bd50acf511d86fe62e65a466aa6abb55b1d59a4a9e57f3/reactivex-4.1.0.tar.gz", hash = "sha256:c7499e3c802bccaa20839b3e17355a7d939573fded3f38ba3d4796278a169a3d", size = 113482, upload-time = "2025-11-05T21:44:24.557Z" }
wheels = [
    { url = "https://files.pythonhosted.org/packages/ba/9e/3c2f5d3abb6c5d82f7696e1e3c69b7279049e928596ce82ed25ca97a08f3/reactivex-4.1.0-py3-none-any.whl", hash = "sha256:485750ec8d9b34bcc8ff4318971d234dc4f595058a1b4435a74aefef4b2bc9bd", size = 218588, upload-time = "2025-11-05T21:44:23.015Z" },
]

[[package]]
name = "ruff"
version = "0.14.13"
source = { registry = "https://pypi.org/simple" }
sdist = { url = "https://files.pythonhosted.org/packages/50/0a/1914efb7903174b381ee2ffeebb4253e729de57f114e63595114c8ca451f/ruff-0.14.13.tar.gz", hash = "sha256:83cd6c0763190784b99650a20fec7633c59f6ebe41c5cc9d45ee42749563ad47", size = 6059504, upload-time = "2026-01-15T20:15:16.918Z" }
wheels = [
    { url = "https://files.pythonhosted.org/packages/c3/ae/0deefbc65ca74b0ab1fd3917f94dc3b398233346a74b8bbb0a916a1a6bf6/ruff-0.14.13-py3-none-linux_armv6l.whl", hash = "sha256:76f62c62cd37c276cb03a275b198c7c15bd1d60c989f944db08a8c1c2dbec18b", size = 13062418, upload-time = "2026-01-15T20:14:50.779Z" },
    { url = "https://files.pythonhosted.org/packages/47/df/5916604faa530a97a3c154c62a81cb6b735c0cb05d1e26d5ad0f0c8ac48a/ruff-0.14.13-py3-none-macosx_10_12_x86_64.whl", hash = "sha256:914a8023ece0528d5cc33f5a684f5f38199bbb566a04815c2c211d8f40b5d0ed", size = 13442344, upload-time = "2026-01-15T20:15:07.94Z" },
    { url = "https://files.pythonhosted.org/packages/4c/f3/e0e694dd69163c3a1671e102aa574a50357536f18a33375050334d5cd517/ruff-0.14.13-py3-none-macosx_11_0_arm64.whl", hash = "sha256:d24899478c35ebfa730597a4a775d430ad0d5631b8647a3ab368c29b7e7bd063", size = 12354720, upload-time = "2026-01-15T20:15:09.854Z" },
    { url = "https://files.pythonhosted.org/packages/c3/e8/67f5fcbbaee25e8fc3b56cc33e9892eca7ffe09f773c8e5907757a7e3bdb/ruff-0.14.13-py3-none-manylinux_2_17_aarch64.manylinux2014_aarch64.whl", hash = "sha256:9aaf3870f14d925bbaf18b8a2347ee0ae7d95a2e490e4d4aea6813ed15ebc80e", size = 12774493, upload-time = "2026-01-15T20:15:20.908Z" },
    { url = "https://files.pythonhosted.org/packages/6b/ce/d2e9cb510870b52a9565d885c0d7668cc050e30fa2c8ac3fb1fda15c083d/ruff-0.14.13-py3-none-manylinux_2_17_armv7l.manylinux2014_armv7l.whl", hash = "sha256:ac5b7f63dd3b27cc811850f5ffd8fff845b00ad70e60b043aabf8d6ecc304e09", size = 12815174, upload-time = "2026-01-15T20:15:05.74Z" },
    { url = "https://files.pythonhosted.org/packages/88/00/c38e5da58beebcf4fa32d0ddd993b63dfacefd02ab7922614231330845bf/ruff-0.14.13-py3-none-manylinux_2_17_i686.manylinux2014_i686.whl", hash = "sha256:78d2b1097750d90ba82ce4ba676e85230a0ed694178ca5e61aa9b459970b3eb9", size = 13680909, upload-time = "2026-01-15T20:15:14.537Z" },
    { url = "https://files.pythonhosted.org/packages/61/61/cd37c9dd5bd0a3099ba79b2a5899ad417d8f3b04038810b0501a80814fd7/ruff-0.14.13-py3-none-manylinux_2_17_ppc64.manylinux2014_ppc64.whl", hash = "sha256:7d0bf87705acbbcb8d4c24b2d77fbb73d40210a95c3903b443cd9e30824a5032", size = 15144215, upload-time = "2026-01-15T20:15:22.886Z" },
    { url = "https://files.pythonhosted.org/packages/56/8a/85502d7edbf98c2df7b8876f316c0157359165e16cdf98507c65c8d07d3d/ruff-0.14.13-py3-none-manylinux_2_17_ppc64le.manylinux2014_ppc64le.whl", hash = "sha256:a3eb5da8e2c9e9f13431032fdcbe7681de9ceda5835efee3269417c13f1fed5c", size = 14706067, upload-time = "2026-01-15T20:14:48.271Z" },
    { url = "https://files.pythonhosted.org/packages/7e/2f/de0df127feb2ee8c1e54354dc1179b4a23798f0866019528c938ba439aca/ruff-0.14.13-py3-none-manylinux_2_17_s390x.manylinux2014_s390x.whl", hash = "sha256:642442b42957093811cd8d2140dfadd19c7417030a7a68cf8d51fcdd5f217427", size = 14133916, upload-time = "2026-01-15T20:14:57.357Z" },
    { url = "https://files.pythonhosted.org/packages/0d/77/9b99686bb9fe07a757c82f6f95e555c7a47801a9305576a9c67e0a31d280/ruff-0.14.13-py3-none-manylinux_2_17_x86_64.manylinux2014_x86_64.whl", hash = "sha256:4acdf009f32b46f6e8864af19cbf6841eaaed8638e65c8dac845aea0d703c841", size = 13859207, upload-time = "2026-01-15T20:14:55.111Z" },
    { url = "https://files.pythonhosted.org/packages/7d/46/2bdcb34a87a179a4d23022d818c1c236cb40e477faf0d7c9afb6813e5876/ruff-0.14.13-py3-none-manylinux_2_31_riscv64.whl", hash = "sha256:591a7f68860ea4e003917d19b5c4f5ac39ff558f162dc753a2c5de897fd5502c", size = 14043686, upload-time = "2026-01-15T20:14:52.841Z" },
    { url = "https://files.pythonhosted.org/packages/1a/a9/5c6a4f56a0512c691cf143371bcf60505ed0f0860f24a85da8bd123b2bf1/ruff-0.14.13-py3-none-musllinux_1_2_aarch64.whl", hash = "sha256:774c77e841cc6e046fc3e91623ce0903d1cd07e3a36b1a9fe79b81dab3de506b", size = 12663837, upload-time = "2026-01-15T20:15:18.921Z" },
    { url = "https://files.pythonhosted.org/packages/fe/bb/b920016ece7651fa7fcd335d9d199306665486694d4361547ccb19394c44/ruff-0.14.13-py3-none-musllinux_1_2_armv7l.whl", hash = "sha256:61f4e40077a1248436772bb6512db5fc4457fe4c49e7a94ea7c5088655dd21ae", size = 12805867, upload-time = "2026-01-15T20:14:59.272Z" },
    { url = "https://files.pythonhosted.org/packages/7d/b3/0bd909851e5696cd21e32a8fc25727e5f58f1934b3596975503e6e85415c/ruff-0.14.13-py3-none-musllinux_1_2_i686.whl", hash = "sha256:6d02f1428357fae9e98ac7aa94b7e966fd24151088510d32cf6f902d6c09235e", size = 13208528, upload-time = "2026-01-15T20:15:03.732Z" },
    { url = "https://files.pythonhosted.org/packages/3b/3b/e2d94cb613f6bbd5155a75cbe072813756363eba46a3f2177a1fcd0cd670/ruff-0.14.13-py3-none-musllinux_1_2_x86_64.whl", hash = "sha256:e399341472ce15237be0c0ae5fbceca4b04cd9bebab1a2b2c979e015455d8f0c", size = 13929242, upload-time = "2026-01-15T20:15:11.918Z" },
    { url = "https://files.pythonhosted.org/packages/6a/c5/abd840d4132fd51a12f594934af5eba1d5d27298a6f5b5d6c3be45301caf/ruff-0.14.13-py3-none-win32.whl", hash = "sha256:ef720f529aec113968b45dfdb838ac8934e519711da53a0456038a0efecbd680", size = 12919024, upload-time = "2026-01-15T20:14:43.647Z" },
    { url = "https://files.pythonhosted.org/packages/c2/55/6384b0b8ce731b6e2ade2b5449bf07c0e4c31e8a2e68ea65b3bafadcecc5/ruff-0.14.13-py3-none-win_amd64.whl", hash = "sha256:6070bd026e409734b9257e03e3ef18c6e1a216f0435c6751d7a8ec69cb59abef", size = 14097887, upload-time = "2026-01-15T20:15:01.48Z" },
    { url = "https://files.pythonhosted.org/packages/4d/e1/7348090988095e4e39560cfc2f7555b1b2a7357deba19167b600fdf5215d/ruff-0.14.13-py3-none-win_arm64.whl", hash = "sha256:7ab819e14f1ad9fe39f246cfcc435880ef7a9390d81a2b6ac7e01039083dd247", size = 13080224, upload-time = "2026-01-15T20:14:45.853Z" },
]

[[package]]
name = "setuptools"
version = "80.9.0"
source = { registry = "https://pypi.org/simple" }
sdist = { url = "https://files.pythonhosted.org/packages/18/5d/3bf57dcd21979b887f014ea83c24ae194cfcd12b9e0fda66b957c69d1fca/setuptools-80.9.0.tar.gz", hash = "sha256:f36b47402ecde768dbfafc46e8e4207b4360c654f1f3bb84475f0a28628fb19c", size = 1319958, upload-time = "2025-05-27T00:56:51.443Z" }
wheels = [
    { url = "https://files.pythonhosted.org/packages/a3/dc/17031897dae0efacfea57dfd3a82fdd2a2aeb58e0ff71b77b87e44edc772/setuptools-80.9.0-py3-none-any.whl", hash = "sha256:062d34222ad13e0cc312a4c02d73f059e86a4acbfbdea8f8f76b28c99f306922", size = 1201486, upload-time = "2025-05-27T00:56:49.664Z" },
]

[[package]]
name = "six"
version = "1.17.0"
source = { registry = "https://pypi.org/simple" }
sdist = { url = "https://files.pythonhosted.org/packages/94/e7/b2c673351809dca68a0e064b6af791aa332cf192da575fd474ed7d6f16a2/six-1.17.0.tar.gz", hash = "sha256:ff70335d468e7eb6ec65b95b99d3a2836546063f63acc5171de367e834932a81", size = 34031, upload-time = "2024-12-04T17:35:28.174Z" }
wheels = [
    { url = "https://files.pythonhosted.org/packages/b7/ce/149a00dd41f10bc29e5921b496af8b574d8413afcd5e30dfa0ed46c2cc5e/six-1.17.0-py2.py3-none-any.whl", hash = "sha256:4721f391ed90541fddacab5acf947aa0d3dc7d27b2e1e8eda2be8970586c3274", size = 11050, upload-time = "2024-12-04T17:35:26.475Z" },
]

[[package]]
name = "speeder"
version = "2.0.0"
source = { virtual = "." }
dependencies = [
    { name = "influxdb-client" },
    { name = "loguru" },
]

[package.dev-dependencies]
dev = [
    { name = "ruff" },
]

[package.metadata]
requires-dist = [
    { name = "influxdb-client", specifier = ">=1.49.0" },
    { name = "loguru", specifier = ">=0.7.3" },
]

[package.metadata.requires-dev]
dev = [{ name = "ruff", specifier = ">=0.14.13" }]

[[package]]
name = "typing-extensions"
version = "4.15.0"
source = { registry = "https://pypi.org/simple" }
sdist = { url = "https://files.pythonhosted.org/packages/72/94/1a15dd82efb362ac84269196e94cf00f187f7ed21c242792a923cdb1c61f/typing_extensions-4.15.0.tar.gz", hash = "sha256:0cea48d173cc12fa28ecabc3b837ea3cf6f38c6d1136f85cbaaf598984861466", size = 109391, upload-time = "2025-08-25T13:49:26.313Z" }
wheels = [
    { url = "https://files.pythonhosted.org/packages/18/67/36e9267722cc04a6b9f15c7f3441c2363321a3ea07da7ae0c0707beb2a9c/typing_extensions-4.15.0-py3-none-any.whl", hash = "sha256:f0fa19c6845758ab08074a0cfa8b7aecb71c999ca73d62883bc25cc018c4e548", size = 44614, upload-time = "2025-08-25T13:49:24.86Z" },
]

[[package]]
name = "urllib3"
version = "2.6.3"
source = { registry = "https://pypi.org/simple" }
sdist = { url = "https://files.pythonhosted.org/packages/c7/24/5f1b3bdffd70275f6661c76461e25f024d5a38a46f04aaca912426a2b1d3/urllib3-2.6.3.tar.gz", hash = "sha256:1b62b6884944a57dbe321509ab94fd4d3b307075e0c2eae991ac71ee15ad38ed", size = 435556, upload-time = "2026-01-07T16:24:43.925Z" }
wheels = [
    { url = "https://files.pythonhosted.org/packages/39/08/aaaad47bc4e9dc8c725e68f9d04865dbcb2052843ff09c97b08904852d84/urllib3-2.6.3-py3-none-any.whl", hash = "sha256:bf272323e553dfb2e87d9bfd225ca7b0f467b919d7bbd355436d3fd37cb0acd4", size = 131584, upload-time = "2026-01-07T16:24:42.685Z" },
]

[[package]]
name = "win32-setctime"
version = "1.2.0"
source = { registry = "https://pypi.org/simple" }
sdist = { url = "https://files.pythonhosted.org/packages/b3/8f/705086c9d734d3b663af0e9bb3d4de6578d08f46b1b101c2442fd9aecaa2/win32_setctime-1.2.0.tar.gz", hash = "sha256:ae1fdf948f5640aae05c511ade119313fb6a30d7eabe25fef9764dca5873c4c0", size = 4867, upload-time = "2024-12-07T15:28:28.314Z" }
wheels = [
    { url = "https://files.pythonhosted.org/packages/e1/07/c6fe3ad3e685340704d314d765b7912993bcb8dc198f0e7a89382d37974b/win32_setctime-1.2.0-py3-none-any.whl", hash = "sha256:95d644c4e708aba81dc3704a116d8cbc974d70b3bdb8be1d150e36be6e9d1390", size = 4083, upload-time = "2024-12-07T15:28:26.465Z" },
]
